// !$*UTF8*$!
{
	archiveVersion = 1;
	classes = {
	};
	objectVersion = 46;
	objects = {

/* Begin PBXBuildFile section */
		BFC9290F1DC33F9200A83B92 /* AppDelegate.swift in Sources */ = {isa = PBXBuildFile; fileRef = BFC9290E1DC33F9200A83B92 /* AppDelegate.swift */; };
		BFC929111DC33F9200A83B92 /* ViewController.swift in Sources */ = {isa = PBXBuildFile; fileRef = BFC929101DC33F9200A83B92 /* ViewController.swift */; };
		BFC929141DC33F9200A83B92 /* Main.storyboard in Resources */ = {isa = PBXBuildFile; fileRef = BFC929121DC33F9200A83B92 /* Main.storyboard */; };
		BFC929161DC33F9200A83B92 /* Assets.xcassets in Resources */ = {isa = PBXBuildFile; fileRef = BFC929151DC33F9200A83B92 /* Assets.xcassets */; };
		BFC929191DC33F9200A83B92 /* LaunchScreen.storyboard in Resources */ = {isa = PBXBuildFile; fileRef = BFC929171DC33F9200A83B92 /* LaunchScreen.storyboard */; };
/* End PBXBuildFile section */

/* Begin PBXFileReference section */
		BFC9290B1DC33F9200A83B92 /* Quotes App.app */ = {isa = PBXFileReference; explicitFileType = wrapper.application; includeInIndex = 0; path = "Quotes App.app"; sourceTree = BUILT_PRODUCTS_DIR; };
		BFC9290E1DC33F9200A83B92 /* AppDelegate.swift */ = {isa = PBXFileReference; lastKnownFileType = sourcecode.swift; path = AppDelegate.swift; sourceTree = "<group>"; };
		BFC929101DC33F9200A83B92 /* ViewController.swift */ = {isa = PBXFileReference; lastKnownFileType = sourcecode.swift; path = ViewController.swift; sourceTree = "<group>"; };
		BFC929131DC33F9200A83B92 /* Base */ = {isa = PBXFileReference; lastKnownFileType = file.storyboard; name = Base; path = Base.lproj/Main.storyboard; sourceTree = "<group>"; };
		BFC929151DC33F9200A83B92 /* Assets.xcassets */ = {isa = PBXFileReference; lastKnownFileType = folder.assetcatalog; path = Assets.xcassets; sourceTree = "<group>"; };
		BFC929181DC33F9200A83B92 /* Base */ = {isa = PBXFileReference; lastKnownFileType = file.storyboard; name = Base; path = Base.lproj/LaunchScreen.storyboard; sourceTree = "<group>"; };
		BFC9291A1DC33F9200A83B92 /* Info.plist */ = {isa = PBXFileReference; lastKnownFileType = text.plist.xml; path = Info.plist; sourceTree = "<group>"; };
/* End PBXFileReference section */

/* Begin PBXFrameworksBuildPhase section */
		BFC929081DC33F9200A83B92 /* Frameworks */ = {
			isa = PBXFrameworksBuildPhase;
			buildActionMask = 2147483647;
			files = (
			);
			runOnlyForDeploymentPostprocessing = 0;
		};
/* End PBXFrameworksBuildPhase section */

/* Begin PBXGroup section */
		BFC929021DC33F9200A83B92 = {
			isa = PBXGroup;
			children = (
				BFC9290D1DC33F9200A83B92 /* Quotes App */,
				BFC9290C1DC33F9200A83B92 /* Products */,
			);
			sourceTree = "<group>";
		};
		BFC9290C1DC33F9200A83B92 /* Products */ = {
			isa = PBXGroup;
			children = (
				BFC9290B1DC33F9200A83B92 /* Quotes App.app */,
			);
			name = Products;
			sourceTree = "<group>";
		};
		BFC9290D1DC33F9200A83B92 /* Quotes App */ = {
			isa = PBXGroup;
			children = (
				BFC9290E1DC33F9200A83B92 /* AppDelegate.swift */,
				BFC929101DC33F9200A83B92 /* ViewController.swift */,
				BFC929121DC33F9200A83B92 /* Main.storyboard */,
				BFC929151DC33F9200A83B92 /* Assets.xcassets */,
				BFC929171DC33F9200A83B92 /* LaunchScreen.storyboard */,
				BFC9291A1DC33F9200A83B92 /* Info.plist */,
			);
			path = "Quotes App";
			sourceTree = "<group>";
		};
/* End PBXGroup section */

/* Begin PBXNativeTarget section */
		BFC9290A1DC33F9200A83B92 /* Quotes App */ = {
			isa = PBXNativeTarget;
			buildConfigurationList = BFC9291D1DC33F9200A83B92 /* Build configuration list for PBXNativeTarget "Quotes App" */;
			buildPhases = (
				BFC929071DC33F9200A83B92 /* Sources */,
				BFC929081DC33F9200A83B92 /* Frameworks */,
				BFC929091DC33F9200A83B92 /* Resources */,
			);
			buildRules = (
			);
			dependencies = (
			);
			name = "Quotes App";
			productName = "Quotes App";
			productReference = BFC9290B1DC33F9200A83B92 /* Quotes App.app */;
			productType = "com.apple.product-type.application";
		};
/* End PBXNativeTarget section */

/* Begin PBXProject section */
		BFC929031DC33F9200A83B92 /* Project object */ = {
			isa = PBXProject;
			attributes = {
				LastSwiftUpdateCheck = 0810;
				LastUpgradeCheck = 0810;
				ORGANIZATIONNAME = examplecompany;
				TargetAttributes = {
					BFC9290A1DC33F9200A83B92 = {
						CreatedOnToolsVersion = 8.1;
						DevelopmentTeam = W5XRDF4YTY;
						ProvisioningStyle = Automatic;
					};
				};
			};
			buildConfigurationList = BFC929061DC33F9200A83B92 /* Build configuration list for PBXProject "Quotes App" */;
			compatibilityVersion = "Xcode 3.2";
			developmentRegion = English;
			hasScannedForEncodings = 0;
			knownRegions = (
				en,
				Base,
			);
			mainGroup = BFC929021DC33F9200A83B92;
			productRefGroup = BFC9290C1DC33F9200A83B92 /* Products */;
			projectDirPath = "";
			projectRoot = "";
			targets = (
				BFC9290A1DC33F9200A83B92 /* Quotes App */,
			);
		};
/* End PBXProject section */

/* Begin PBXResourcesBuildPhase section */
		BFC929091DC33F9200A83B92 /* Resources */ = {
			isa = PBXResourcesBuildPhase;
			buildActionMask = 2147483647;
			files = (
				BFC929191DC33F9200A83B92 /* LaunchScreen.storyboard in Resources */,
				BFC929161DC33F9200A83B92 /* Assets.xcassets in Resources */,
				BFC929141DC33F9200A83B92 /* Main.storyboard in Resources */,
			);
			runOnlyForDeploymentPostprocessing = 0;
		};
/* End PBXResourcesBuildPhase section */

/* Begin PBXSourcesBuildPhase section */
		BFC929071DC33F9200A83B92 /* Sources */ = {
			isa = PBXSourcesBuildPhase;
			buildActionMask = 2147483647;
			files = (
				BFC929111DC33F9200A83B92 /* ViewController.swift in Sources */,
				BFC9290F1DC33F9200A83B92 /* AppDelegate.swift in Sources */,
			);
			runOnlyForDeploymentPostprocessing = 0;
		};
/* End PBXSourcesBuildPhase section */

/* Begin PBXVariantGroup section */
		BFC929121DC33F9200A83B92 /* Main.storyboard */ = {
			isa = PBXVariantGroup;
			children = (
				BFC929131DC33F9200A83B92 /* Base */,
			);
			name = Main.storyboard;
			sourceTree = "<group>";
		};
		BFC929171DC33F9200A83B92 /* LaunchScreen.storyboard */ = {
			isa = PBXVariantGroup;
			children = (
				BFC929181DC33F9200A83B92 /* Base */,
			);
			name = LaunchScreen.storyboard;
			sourceTree = "<group>";
		};
/* End PBXVariantGroup section */

/* Begin XCBuildConfiguration section */
		BFC9291B1DC33F9200A83B92 /* Debug */ = {
			isa = XCBuildConfiguration;
			buildSettings = {
				ALWAYS_SEARCH_USER_PATHS = NO;
				CLANG_ANALYZER_NONNULL = YES;
				CLANG_CXX_LANGUAGE_STANDARD = "gnu++0x";
				CLANG_CXX_LIBRARY = "libc++";
				CLANG_ENABLE_MODULES = YES;
				CLANG_ENABLE_OBJC_ARC = YES;
				CLANG_WARN_BOOL_CONVERSION = YES;
				CLANG_WARN_CONSTANT_CONVERSION = YES;
				CLANG_WARN_DIRECT_OBJC_ISA_USAGE = YES_ERROR;
				CLANG_WARN_DOCUMENTATION_COMMENTS = YES;
				CLANG_WARN_EMPTY_BODY = YES;
				CLANG_WARN_ENUM_CONVERSION = YES;
				CLANG_WARN_INFINITE_RECURSION = YES;
				CLANG_WARN_INT_CONVERSION = YES;
				CLANG_WARN_OBJC_ROOT_CLASS = YES_ERROR;
				CLANG_WARN_SUSPICIOUS_MOVES = YES;
				CLANG_WARN_UNREACHABLE_CODE = YES;
				CLANG_WARN__DUPLICATE_METHOD_MATCH = YES;
				"CODE_SIGN_IDENTITY[sdk=iphoneos*]" = "iPhone Developer";
				COPY_PHASE_STRIP = NO;
				DEBUG_INFORMATION_FORMAT = dwarf;
				ENABLE_STRICT_OBJC_MSGSEND = YES;
				ENABLE_TESTABILITY = YES;
				GCC_C_LANGUAGE_STANDARD = gnu99;
				GCC_DYNAMIC_NO_PIC = NO;
				GCC_NO_COMMON_BLOCKS = YES;
				GCC_OPTIMIZATION_LEVEL = 0;
				GCC_PREPROCESSOR_DEFINITIONS = (
					"DEBUG=1",
					"$(inherited)",
				);
				GCC_WARN_64_TO_32_BIT_CONVERSION = YES;
				GCC_WARN_ABOUT_RETURN_TYPE = YES_ERROR;
				GCC_WARN_UNDECLARED_SELECTOR = YES;
				GCC_WARN_UNINITIALIZED_AUTOS = YES_AGGRESSIVE;
				GCC_WARN_UNUSED_FUNCTION = YES;
				GCC_WARN_UNUSED_VARIABLE = YES;
				IPHONEOS_DEPLOYMENT_TARGET = 10.1;
				MTL_ENABLE_DEBUG_INFO = YES;
				ONLY_ACTIVE_ARCH = YES;
				SDKROOT = iphoneos;
				SWIFT_ACTIVE_COMPILATION_CONDITIONS = DEBUG;
				SWIFT_OPTIMIZATION_LEVEL = "-Onone";
			};
			name = Debug;
		};
		BFC9291C1DC33F9200A83B92 /* Release */ = {
			isa = XCBuildConfiguration;
			buildSettings = {
				ALWAYS_SEARCH_USER_PATHS = NO;
				CLANG_ANALYZER_NONNULL = YES;
				CLANG_CXX_LANGUAGE_STANDARD = "gnu++0x";
				CLANG_CXX_LIBRARY = "libc++";
				CLANG_ENABLE_MODULES = YES;
				CLANG_ENABLE_OBJC_ARC = YES;
				CLANG_WARN_BOOL_CONVERSION = YES;
				CLANG_WARN_CONSTANT_CONVERSION = YES;
				CLANG_WARN_DIRECT_OBJC_ISA_USAGE = YES_ERROR;
				CLANG_WARN_DOCUMENTATION_COMMENTS = YES;
				CLANG_WARN_EMPTY_BODY = YES;
				CLANG_WARN_ENUM_CONVERSION = YES;
				CLANG_WARN_INFINITE_RECURSION = YES;
				CLANG_WARN_INT_CONVERSION = YES;
				CLANG_WARN_OBJC_ROOT_CLASS = YES_ERROR;
				CLANG_WARN_SUSPICIOUS_MOVES = YES;
				CLANG_WARN_UNREACHABLE_CODE = YES;
				CLANG_WARN__DUPLICATE_METHOD_MATCH = YES;
				"CODE_SIGN_IDENTITY[sdk=iphoneos*]" = "iPhone Developer";
				COPY_PHASE_STRIP = NO;
				DEBUG_INFORMATION_FORMAT = "dwarf-with-dsym";
				ENABLE_NS_ASSERTIONS = NO;
				ENABLE_STRICT_OBJC_MSGSEND = YES;
				GCC_C_LANGUAGE_STANDARD = gnu99;
				GCC_NO_COMMON_BLOCKS = YES;
				GCC_WARN_64_TO_32_BIT_CONVERSION = YES;
				GCC_WARN_ABOUT_RETURN_TYPE = YES_ERROR;
				GCC_WARN_UNDECLARED_SELECTOR = YES;
				GCC_WARN_UNINITIALIZED_AUTOS = YES_AGGRESSIVE;
				GCC_WARN_UNUSED_FUNCTION = YES;
				GCC_WARN_UNUSED_VARIABLE = YES;
				IPHONEOS_DEPLOYMENT_TARGET = 10.1;
				MTL_ENABLE_DEBUG_INFO = NO;
				SDKROOT = iphoneos;
				SWIFT_OPTIMIZATION_LEVEL = "-Owholemodule";
				VALIDATE_PRODUCT = YES;
			};
			name = Release;
		};
		BFC9291E1DC33F9200A83B92 /* Debug */ = {
			isa = XCBuildConfiguration;
			buildSettings = {
				ASSETCATALOG_COMPILER_APPICON_NAME = AppIcon;
				DEVELOPMENT_TEAM = W5XRDF4YTY;
				INFOPLIST_FILE = "Quotes App/Info.plist";
				LD_RUNPATH_SEARCH_PATHS = "$(inherited) @executable_path/Frameworks";
				PRODUCT_BUNDLE_IDENTIFIER = "com.examplecompany.Quotes-App";
				PRODUCT_NAME = "$(TARGET_NAME)";
				SWIFT_VERSION = 3.0;
			};
			name = Debug;
		};
		BFC9291F1DC33F9200A83B92 /* Release */ = {
			isa = XCBuildConfiguration;
			buildSettings = {
				ASSETCATALOG_COMPILER_APPICON_NAME = AppIcon;
				DEVELOPMENT_TEAM = W5XRDF4YTY;
				INFOPLIST_FILE = "Quotes App/Info.plist";
				LD_RUNPATH_SEARCH_PATHS = "$(inherited) @executable_path/Frameworks";
				PRODUCT_BUNDLE_IDENTIFIER = "com.examplecompany.Quotes-App";
				PRODUCT_NAME = "$(TARGET_NAME)";
				SWIFT_VERSION = 3.0;
			};
			name = Release;
		};
/* End XCBuildConfiguration section */

/* Begin XCConfigurationList section */
		BFC929061DC33F9200A83B92 /* Build configuration list for PBXProject "Quotes App" */ = {
			isa = XCConfigurationList;
			buildConfigurations = (
				BFC9291B1DC33F9200A83B92 /* Debug */,
				BFC9291C1DC33F9200A83B92 /* Release */,
			);
			defaultConfigurationIsVisible = 0;
			defaultConfigurationName = Release;
		};
		BFC9291D1DC33F9200A83B92 /* Build configuration list for PBXNativeTarget "Quotes App" */ = {
			isa = XCConfigurationList;
			buildConfigurations = (
				BFC9291E1DC33F9200A83B92 /* Debug */,
				BFC9291F1DC33F9200A83B92 /* Release */,
			);
			defaultConfigurationIsVisible = 0;
		};
/* End XCConfigurationList section */
	};
	rootObject = BFC929031DC33F9200A83B92 /* Project object */;
}
